
Microsoft Visual Studio Solution File, Format Version 12.00
# Visual Studio Version 16
VisualStudioVersion = 16.0.31112.23
MinimumVisualStudioVersion = 10.0.40219.1
Project("{2150E333-8FDC-42A3-9474-1A3956D46DE8}") = "Client", "Client", "{091CA05B-A291-40FE-9E38-332984C2C1A4}"
EndProject
Project("{2150E333-8FDC-42A3-9474-1A3956D46DE8}") = "CoreLib", "CoreLib", "{53B9A504-01B0-432D-BD05-BDD63D4289AE}"
EndProject
Project("{2150E333-8FDC-42A3-9474-1A3956D46DE8}") = "APIS", "APIS", "{7DE5EEAF-564E-4FD3-985D-071849001A8F}"
EndProject
Project("{2150E333-8FDC-42A3-9474-1A3956D46DE8}") = "Tests", "Tests", "{F8EFE24A-C7EC-49EA-BD83-7AD43082F80E}"
EndProject
Project("{9A19103F-16F7-4668-BE54-9A1E7A4F7556}") = "Entities", "CoreLib\Entities\Entities.csproj", "{E262C094-136E-456F-B870-FF7959D20CBA}"
EndProject
Project("{9A19103F-16F7-4668-BE54-9A1E7A4F7556}") = "Message", "CoreLib\Message\Message.csproj", "{3F43DC3B-D9BA-4E61-9077-3976B4BCAD07}"
EndProject
Project("{9A19103F-16F7-4668-BE54-9A1E7A4F7556}") = "Library", "CoreLib\Library\Library.csproj", "{C0808718-3B8B-45DF-B546-B99AF79E8834}"
EndProject
Project("{9A19103F-16F7-4668-BE54-9A1E7A4F7556}") = "BusinessLogic", "CoreLib\BusinessLogic\BusinessLogic.csproj", "{3E9372C0-504B-43B1-A5F8-E00A28E1EF2C}"
EndProject
Project("{9A19103F-16F7-4668-BE54-9A1E7A4F7556}") = "API", "Services\API\API.csproj", "{947A18BA-F887-4C57-8E2F-1EA35CDEFF16}"
EndProject
Project("{9A19103F-16F7-4668-BE54-9A1E7A4F7556}") = "UnitTest", "Tests\UnitTest\UnitTest.csproj", "{A063D53D-0842-4F40-A5B0-7FC43C46C8EC}"
EndProject
Project("{9A19103F-16F7-4668-BE54-9A1E7A4F7556}") = "DataAccessLayer", "CoreLib\DataAccessLayer\DataAccessLayer.csproj", "{C4A0EABD-C9A1-4B62-84CD-1EB40561A45D}"
EndProject
Project("{9A19103F-16F7-4668-BE54-9A1E7A4F7556}") = "TestConsole", "Tests\TestConsole\TestConsole.csproj", "{12B1B1B5-E26D-429D-AAB2-707F3B0EE1E0}"
EndProject
Project("{2150E333-8FDC-42A3-9474-1A3956D46DE8}") = "DataLayer", "DataLayer", "{144FBB11-B10A-48ED-836D-3809CCD5F890}"
EndProject
Global
	GlobalSection(SolutionConfigurationPlatforms) = preSolution
		Debug|Any CPU = Debug|Any CPU
		Release|Any CPU = Release|Any CPU
	EndGlobalSection
	GlobalSection(ProjectConfigurationPlatforms) = postSolution
		{E262C094-136E-456F-B870-FF7959D20CBA}.Debug|Any CPU.ActiveCfg = Debug|Any CPU
		{E262C094-136E-456F-B870-FF7959D20CBA}.Debug|Any CPU.Build.0 = Debug|Any CPU
		{E262C094-136E-456F-B870-FF7959D20CBA}.Release|Any CPU.ActiveCfg = Release|Any CPU
		{E262C094-136E-456F-B870-FF7959D20CBA}.Release|Any CPU.Build.0 = Release|Any CPU
		{3F43DC3B-D9BA-4E61-9077-3976B4BCAD07}.Debug|Any CPU.ActiveCfg = Debug|Any CPU
		{3F43DC3B-D9BA-4E61-9077-3976B4BCAD07}.Debug|Any CPU.Build.0 = Debug|Any CPU
		{3F43DC3B-D9BA-4E61-9077-3976B4BCAD07}.Release|Any CPU.ActiveCfg = Release|Any CPU
		{3F43DC3B-D9BA-4E61-9077-3976B4BCAD07}.Release|Any CPU.Build.0 = Release|Any CPU
		{C0808718-3B8B-45DF-B546-B99AF79E8834}.Debug|Any CPU.ActiveCfg = Debug|Any CPU
		{C0808718-3B8B-45DF-B546-B99AF79E8834}.Debug|Any CPU.Build.0 = Debug|Any CPU
		{C0808718-3B8B-45DF-B546-B99AF79E8834}.Release|Any CPU.ActiveCfg = Release|Any CPU
		{C0808718-3B8B-45DF-B546-B99AF79E8834}.Release|Any CPU.Build.0 = Release|Any CPU
		{3E9372C0-504B-43B1-A5F8-E00A28E1EF2C}.Debug|Any CPU.ActiveCfg = Debug|Any CPU
		{3E9372C0-504B-43B1-A5F8-E00A28E1EF2C}.Debug|Any CPU.Build.0 = Debug|Any CPU
		{3E9372C0-504B-43B1-A5F8-E00A28E1EF2C}.Release|Any CPU.ActiveCfg = Release|Any CPU
		{3E9372C0-504B-43B1-A5F8-E00A28E1EF2C}.Release|Any CPU.Build.0 = Release|Any CPU
		{947A18BA-F887-4C57-8E2F-1EA35CDEFF16}.Debug|Any CPU.ActiveCfg = Debug|Any CPU
		{947A18BA-F887-4C57-8E2F-1EA35CDEFF16}.Debug|Any CPU.Build.0 = Debug|Any CPU
		{947A18BA-F887-4C57-8E2F-1EA35CDEFF16}.Release|Any CPU.ActiveCfg = Release|Any CPU
		{947A18BA-F887-4C57-8E2F-1EA35CDEFF16}.Release|Any CPU.Build.0 = Release|Any CPU
		{A063D53D-0842-4F40-A5B0-7FC43C46C8EC}.Debug|Any CPU.ActiveCfg = Debug|Any CPU
		{A063D53D-0842-4F40-A5B0-7FC43C46C8EC}.Debug|Any CPU.Build.0 = Debug|Any CPU
		{A063D53D-0842-4F40-A5B0-7FC43C46C8EC}.Release|Any CPU.ActiveCfg = Release|Any CPU
		{A063D53D-0842-4F40-A5B0-7FC43C46C8EC}.Release|Any CPU.Build.0 = Release|Any CPU
		{C4A0EABD-C9A1-4B62-84CD-1EB40561A45D}.Debug|Any CPU.ActiveCfg = Debug|Any CPU
		{C4A0EABD-C9A1-4B62-84CD-1EB40561A45D}.Debug|Any CPU.Build.0 = Debug|Any CPU
		{C4A0EABD-C9A1-4B62-84CD-1EB40561A45D}.Release|Any CPU.ActiveCfg = Release|Any CPU
		{C4A0EABD-C9A1-4B62-84CD-1EB40561A45D}.Release|Any CPU.Build.0 = Release|Any CPU
		{12B1B1B5-E26D-429D-AAB2-707F3B0EE1E0}.Debug|Any CPU.ActiveCfg = Debug|Any CPU
		{12B1B1B5-E26D-429D-AAB2-707F3B0EE1E0}.Debug|Any CPU.Build.0 = Debug|Any CPU
		{12B1B1B5-E26D-429D-AAB2-707F3B0EE1E0}.Release|Any CPU.ActiveCfg = Release|Any CPU
		{12B1B1B5-E26D-429D-AAB2-707F3B0EE1E0}.Release|Any CPU.Build.0 = Release|Any CPU
	EndGlobalSection
	GlobalSection(SolutionProperties) = preSolution
		HideSolutionNode = FALSE
	EndGlobalSection
	GlobalSection(NestedProjects) = preSolution
		{E262C094-136E-456F-B870-FF7959D20CBA} = {53B9A504-01B0-432D-BD05-BDD63D4289AE}
		{3F43DC3B-D9BA-4E61-9077-3976B4BCAD07} = {53B9A504-01B0-432D-BD05-BDD63D4289AE}
		{C0808718-3B8B-45DF-B546-B99AF79E8834} = {53B9A504-01B0-432D-BD05-BDD63D4289AE}
		{3E9372C0-504B-43B1-A5F8-E00A28E1EF2C} = {53B9A504-01B0-432D-BD05-BDD63D4289AE}
		{947A18BA-F887-4C57-8E2F-1EA35CDEFF16} = {7DE5EEAF-564E-4FD3-985D-071849001A8F}
		{A063D53D-0842-4F40-A5B0-7FC43C46C8EC} = {F8EFE24A-C7EC-49EA-BD83-7AD43082F80E}
		{C4A0EABD-C9A1-4B62-84CD-1EB40561A45D} = {144FBB11-B10A-48ED-836D-3809CCD5F890}
		{12B1B1B5-E26D-429D-AAB2-707F3B0EE1E0} = {F8EFE24A-C7EC-49EA-BD83-7AD43082F80E}
	EndGlobalSection
	GlobalSection(ExtensibilityGlobals) = postSolution
		SolutionGuid = {B07DD45C-52B0-4F40-B3E8-CA86A3E087C3}
	EndGlobalSection
EndGlobal
